
Microsoft Visual Studio Solution File, Format Version 12.00
# Visual Studio Version 16
VisualStudioVersion = 16.0.29424.173
MinimumVisualStudioVersion = 10.0.40219.1
Project("{FAE04EC0-301F-11D3-BF4B-00C04F79EFBC}") = "EventHub", "EventHub\EventHub.csproj", "{A972F590-4ECF-4B3D-8FC6-54F3FA0E5D85}"
EndProject
Global
	GlobalSection(SolutionConfigurationPlatforms) = preSolution
		Debug|Any CPU = Debug|Any CPU
		Release|Any CPU = Release|Any CPU
	EndGlobalSection
	GlobalSection(ProjectConfigurationPlatforms) = postSolution
		{A972F590-4ECF-4B3D-8FC6-54F3FA0E5D85}.Debug|Any CPU.ActiveCfg = Debug|Any CPU
		{A972F590-4ECF-4B3D-8FC6-54F3FA0E5D85}.Debug|Any CPU.Build.0 = Debug|Any CPU
		{A972F590-4ECF-4B3D-8FC6-54F3FA0E5D85}.Release|Any CPU.ActiveCfg = Release|Any CPU
		{A972F590-4ECF-4B3D-8FC6-54F3FA0E5D85}.Release|Any CPU.Build.0 = Release|Any CPU
	EndGlobalSection
	GlobalSection(SolutionProperties) = preSolution
		HideSolutionNode = FALSE
	EndGlobalSection
	GlobalSection(ExtensibilityGlobals) = postSolution
		SolutionGuid = {6F4A44A9-E435-40AD-91C9-7EFF1106E918}
	EndGlobalSection
EndGlobal
